
Microsoft Visual Studio Solution File, Format Version 12.00
# Visual Studio Version 17
VisualStudioVersion = 17.4.33103.184
MinimumVisualStudioVersion = 10.0.40219.1
Project("{FAE04EC0-301F-11D3-BF4B-00C04F79EFBC}") = "arama-2", "arama-2.csproj", "{45E05D15-FCCA-40FD-A3F2-DB7FB647AFE1}"
EndProject
Global
	GlobalSection(SolutionConfigurationPlatforms) = preSolution
		Debug|Any CPU = Debug|Any CPU
		Release|Any CPU = Release|Any CPU
	EndGlobalSection
	GlobalSection(ProjectConfigurationPlatforms) = postSolution
		{45E05D15-FCCA-40FD-A3F2-DB7FB647AFE1}.Debug|Any CPU.ActiveCfg = Debug|Any CPU
		{45E05D15-FCCA-40FD-A3F2-DB7FB647AFE1}.Debug|Any CPU.Build.0 = Debug|Any CPU
		{45E05D15-FCCA-40FD-A3F2-DB7FB647AFE1}.Release|Any CPU.ActiveCfg = Release|Any CPU
		{45E05D15-FCCA-40FD-A3F2-DB7FB647AFE1}.Release|Any CPU.Build.0 = Release|Any CPU
	EndGlobalSection
	GlobalSection(SolutionProperties) = preSolution
		HideSolutionNode = FALSE
	EndGlobalSection
	GlobalSection(ExtensibilityGlobals) = postSolution
		SolutionGuid = {A2C086BF-9997-45A1-8C03-468993B680B2}
	EndGlobalSection
EndGlobal
